
Microsoft Visual Studio Solution File, Format Version 12.00
# Visual Studio 15
VisualStudioVersion = 15.0.27703.2026
MinimumVisualStudioVersion = 10.0.40219.1
Project("{FAE04EC0-301F-11D3-BF4B-00C04F79EFBC}") = "xdagwallet", "xdagwallet\xdagwallet.csproj", "{3A8D3961-2C28-4D2E-92E4-36F05963BBBA}"
EndProject
Project("{8BC9CEB8-8B4A-11D0-8D11-00A0C91BC942}") = "xdagwalletCLI", "xdagwalletCLI\xdagwalletCLI.vcxproj", "{237579B0-457E-494B-93D0-F44080945A95}"
EndProject
Project("{8BC9CEB8-8B4A-11D0-8D11-00A0C91BC942}") = "core", "core\core.vcxproj", "{49C6CE86-04E0-4431-B55F-A6CE88268996}"
EndProject
Global
	GlobalSection(SolutionConfigurationPlatforms) = preSolution
		Debug|Any CPU = Debug|Any CPU
		Debug|x64 = Debug|x64
		Debug|x86 = Debug|x86
		Release_profiling|Any CPU = Release_profiling|Any CPU
		Release_profiling|x64 = Release_profiling|x64
		Release_profiling|x86 = Release_profiling|x86
		Release|Any CPU = Release|Any CPU
		Release|x64 = Release|x64
		Release|x86 = Release|x86
	EndGlobalSection
	GlobalSection(ProjectConfigurationPlatforms) = postSolution
		{3A8D3961-2C28-4D2E-92E4-36F05963BBBA}.Debug|Any CPU.ActiveCfg = Debug|Any CPU
		{3A8D3961-2C28-4D2E-92E4-36F05963BBBA}.Debug|Any CPU.Build.0 = Debug|Any CPU
		{3A8D3961-2C28-4D2E-92E4-36F05963BBBA}.Debug|x64.ActiveCfg = Debug|Any CPU
		{3A8D3961-2C28-4D2E-92E4-36F05963BBBA}.Debug|x64.Build.0 = Debug|Any CPU
		{3A8D3961-2C28-4D2E-92E4-36F05963BBBA}.Debug|x86.ActiveCfg = Debug|Any CPU
		{3A8D3961-2C28-4D2E-92E4-36F05963BBBA}.Debug|x86.Build.0 = Debug|Any CPU
		{3A8D3961-2C28-4D2E-92E4-36F05963BBBA}.Release_profiling|Any CPU.ActiveCfg = Release|Any CPU
		{3A8D3961-2C28-4D2E-92E4-36F05963BBBA}.Release_profiling|Any CPU.Build.0 = Release|Any CPU
		{3A8D3961-2C28-4D2E-92E4-36F05963BBBA}.Release_profiling|x64.ActiveCfg = Release|Any CPU
		{3A8D3961-2C28-4D2E-92E4-36F05963BBBA}.Release_profiling|x64.Build.0 = Release|Any CPU
		{3A8D3961-2C28-4D2E-92E4-36F05963BBBA}.Release_profiling|x86.ActiveCfg = Release|Any CPU
		{3A8D3961-2C28-4D2E-92E4-36F05963BBBA}.Release_profiling|x86.Build.0 = Release|Any CPU
		{3A8D3961-2C28-4D2E-92E4-36F05963BBBA}.Release|Any CPU.ActiveCfg = Release|Any CPU
		{3A8D3961-2C28-4D2E-92E4-36F05963BBBA}.Release|Any CPU.Build.0 = Release|Any CPU
		{3A8D3961-2C28-4D2E-92E4-36F05963BBBA}.Release|x64.ActiveCfg = Release|Any CPU
		{3A8D3961-2C28-4D2E-92E4-36F05963BBBA}.Release|x64.Build.0 = Release|Any CPU
		{3A8D3961-2C28-4D2E-92E4-36F05963BBBA}.Release|x86.ActiveCfg = Release|Any CPU
		{3A8D3961-2C28-4D2E-92E4-36F05963BBBA}.Release|x86.Build.0 = Release|Any CPU
		{237579B0-457E-494B-93D0-F44080945A95}.Debug|Any CPU.ActiveCfg = Debug|Win32
		{237579B0-457E-494B-93D0-F44080945A95}.Debug|x64.ActiveCfg = Debug|x64
		{237579B0-457E-494B-93D0-F44080945A95}.Debug|x64.Build.0 = Debug|x64
		{237579B0-457E-494B-93D0-F44080945A95}.Debug|x86.ActiveCfg = Debug|Win32
		{237579B0-457E-494B-93D0-F44080945A95}.Debug|x86.Build.0 = Debug|Win32
		{237579B0-457E-494B-93D0-F44080945A95}.Release_profiling|Any CPU.ActiveCfg = Release|x64
		{237579B0-457E-494B-93D0-F44080945A95}.Release_profiling|Any CPU.Build.0 = Release|x64
		{237579B0-457E-494B-93D0-F44080945A95}.Release_profiling|x64.ActiveCfg = Release|x64
		{237579B0-457E-494B-93D0-F44080945A95}.Release_profiling|x64.Build.0 = Release|x64
		{237579B0-457E-494B-93D0-F44080945A95}.Release_profiling|x86.ActiveCfg = Release|Win32
		{237579B0-457E-494B-93D0-F44080945A95}.Release_profiling|x86.Build.0 = Release|Win32
		{237579B0-457E-494B-93D0-F44080945A95}.Release|Any CPU.ActiveCfg = Release|Win32
		{237579B0-457E-494B-93D0-F44080945A95}.Release|x64.ActiveCfg = Release|x64
		{237579B0-457E-494B-93D0-F44080945A95}.Release|x64.Build.0 = Release|x64
		{237579B0-457E-494B-93D0-F44080945A95}.Release|x86.ActiveCfg = Release|Win32
		{237579B0-457E-494B-93D0-F44080945A95}.Release|x86.Build.0 = Release|Win32
		{49C6CE86-04E0-4431-B55F-A6CE88268996}.Debug|Any CPU.ActiveCfg = Debug|Win32
		{49C6CE86-04E0-4431-B55F-A6CE88268996}.Debug|x64.ActiveCfg = Debug|x64
		{49C6CE86-04E0-4431-B55F-A6CE88268996}.Debug|x64.Build.0 = Debug|x64
		{49C6CE86-04E0-4431-B55F-A6CE88268996}.Debug|x86.ActiveCfg = Debug|Win32
		{49C6CE86-04E0-4431-B55F-A6CE88268996}.Debug|x86.Build.0 = Debug|Win32
		{49C6CE86-04E0-4431-B55F-A6CE88268996}.Release_profiling|Any CPU.ActiveCfg = Release_profiling|Win32
		{49C6CE86-04E0-4431-B55F-A6CE88268996}.Release_profiling|x64.ActiveCfg = Release_profiling|x64
		{49C6CE86-04E0-4431-B55F-A6CE88268996}.Release_profiling|x64.Build.0 = Release_profiling|x64
		{49C6CE86-04E0-4431-B55F-A6CE88268996}.Release_profiling|x86.ActiveCfg = Release_profiling|Win32
		{49C6CE86-04E0-4431-B55F-A6CE88268996}.Release_profiling|x86.Build.0 = Release_profiling|Win32
		{49C6CE86-04E0-4431-B55F-A6CE88268996}.Release|Any CPU.ActiveCfg = Release|Win32
		{49C6CE86-04E0-4431-B55F-A6CE88268996}.Release|x64.ActiveCfg = Release|x64
		{49C6CE86-04E0-4431-B55F-A6CE88268996}.Release|x64.Build.0 = Release|x64
		{49C6CE86-04E0-4431-B55F-A6CE88268996}.Release|x86.ActiveCfg = Release|Win32
		{49C6CE86-04E0-4431-B55F-A6CE88268996}.Release|x86.Build.0 = Release|Win32
		{76685A91-5D47-423A-BB5D-0D180029DA22}.Debug|Any CPU.ActiveCfg = Debug|Win32
		{76685A91-5D47-423A-BB5D-0D180029DA22}.Debug|x64.ActiveCfg = Debug|x64
		{76685A91-5D47-423A-BB5D-0D180029DA22}.Debug|x64.Build.0 = Debug|x64
		{76685A91-5D47-423A-BB5D-0D180029DA22}.Debug|x86.ActiveCfg = Debug|Win32
		{76685A91-5D47-423A-BB5D-0D180029DA22}.Debug|x86.Build.0 = Debug|Win32
		{76685A91-5D47-423A-BB5D-0D180029DA22}.Release_profiling|Any CPU.ActiveCfg = Release|x64
		{76685A91-5D47-423A-BB5D-0D180029DA22}.Release_profiling|Any CPU.Build.0 = Release|x64
		{76685A91-5D47-423A-BB5D-0D180029DA22}.Release_profiling|x64.ActiveCfg = Release|x64
		{76685A91-5D47-423A-BB5D-0D180029DA22}.Release_profiling|x64.Build.0 = Release|x64
		{76685A91-5D47-423A-BB5D-0D180029DA22}.Release_profiling|x86.ActiveCfg = Release|Win32
		{76685A91-5D47-423A-BB5D-0D180029DA22}.Release_profiling|x86.Build.0 = Release|Win32
		{76685A91-5D47-423A-BB5D-0D180029DA22}.Release|Any CPU.ActiveCfg = Release|Win32
		{76685A91-5D47-423A-BB5D-0D180029DA22}.Release|x64.ActiveCfg = Release|x64
		{76685A91-5D47-423A-BB5D-0D180029DA22}.Release|x64.Build.0 = Release|x64
		{76685A91-5D47-423A-BB5D-0D180029DA22}.Release|x86.ActiveCfg = Release|Win32
		{76685A91-5D47-423A-BB5D-0D180029DA22}.Release|x86.Build.0 = Release|Win32
	EndGlobalSection
	GlobalSection(SolutionProperties) = preSolution
		HideSolutionNode = FALSE
	EndGlobalSection
	GlobalSection(ExtensibilityGlobals) = postSolution
		SolutionGuid = {4E5C516B-4996-4AAC-B4D1-AF7D4CE5CE34}
	EndGlobalSection
EndGlobal
